# This file is generated by running "yarn install" inside your project.
# Manual changes might be lost - proceed with caution!

__metadata:
  version: 6
  cacheKey: 8

"WorkoutApp@workspace:.":
  version: 0.0.0-use.local
  resolution: "WorkoutApp@workspace:."
  dependencies:
    date-fns: ^3.6.0
  languageName: unknown
  linkType: soft

"date-fns@npm:^3.6.0":
  version: 3.6.0
  resolution: "date-fns@npm:3.6.0"
  checksum: 0daa1e9a436cf99f9f2ae9232b55e11f3dd46132bee10987164f3eebd29f245b2e066d7d7db40782627411ecf18551d8f4c9fcdf2226e48bb66545407d448ab7
  languageName: node
  linkType: hard
